{
  "name": "CCAT-monFinTrack",
  "lockfileVersion": 3,
  "requires": true,
  "packages": {
    "": {
      "dependencies": {
        "@primeng/themes": "^20.3.0",
        "primeicons": "^7.0.0",
        "primeng": "^20.3.0"
      }
    },
    "node_modules/@primeng/themes": {
      "version": "20.4.0",
      "resolved": "https://registry.npmjs.org/@primeng/themes/-/themes-20.4.0.tgz",
      "integrity": "sha512-bh1yIRbCDAo+OLhQ+bm8sgwlZFRphwlR3/GXOdshJVurm5/Up+CWzoRqsZw/Q2RSrq0x3rDNA2pOTIYpcwgXbA==",
      "deprecated": "Deprecated. This package is no longer maintained. Please migrate to @primeuix/themes: https://www.npmjs.com/package/@primeuix/themes",
      "license": "SEE LICENSE IN LICENSE.md",
      "dependencies": {
        "@primeuix/styled": "^0.7.4",
        "@primeuix/themes": "^1.2.5"
      }
    },
    "node_modules/@primeuix/styled": {
      "version": "0.7.4",
      "resolved": "https://registry.npmjs.org/@primeuix/styled/-/styled-0.7.4.tgz",
      "integrity": "sha512-QSO/NpOQg8e9BONWRBx9y8VGMCMYz0J/uKfNJEya/RGEu7ARx0oYW0ugI1N3/KB1AAvyGxzKBzGImbwg0KUiOQ==",
      "license": "MIT",
      "dependencies": {
        "@primeuix/utils": "^0.6.1"
      },
      "engines": {
        "node": ">=12.11.0"
      }
    },
    "node_modules/@primeuix/styles": {
      "version": "1.2.5",
      "resolved": "https://registry.npmjs.org/@primeuix/styles/-/styles-1.2.5.tgz",
      "integrity": "sha512-nypFRct/oaaBZqP4jinT0puW8ZIfs4u+l/vqUFmJEPU332fl5ePj6DoOpQgTLzo3OfmvSmz5a5/5b4OJJmmi7Q==",
      "license": "MIT",
      "dependencies": {
        "@primeuix/styled": "^0.7.3"
      }
    },
    "node_modules/@primeuix/themes": {
      "version": "1.2.5",
      "resolved": "https://registry.npmjs.org/@primeuix/themes/-/themes-1.2.5.tgz",
      "integrity": "sha512-n3YkwJrHQaEESc/D/A/iD815sxp8cKnmzscA6a8Tm8YvMtYU32eCahwLLe6h5rywghVwxASWuG36XBgISYOIjQ==",
      "license": "MIT",
      "dependencies": {
        "@primeuix/styled": "^0.7.3"
      }
    },
    "node_modules/@primeuix/utils": {
      "version": "0.6.4",
      "resolved": "https://registry.npmjs.org/@primeuix/utils/-/utils-0.6.4.tgz",
      "integrity": "sha512-pZ5f+vj7wSzRhC7KoEQRU5fvYAe+RP9+m39CTscZ3UywCD1Y2o6Fe1rRgklMPSkzUcty2jzkA0zMYkiJBD1hgg==",
      "license": "MIT",
      "engines": {
        "node": ">=12.11.0"
      }
    },
    "node_modules/primeicons": {
      "version": "7.0.0",
      "resolved": "https://registry.npmjs.org/primeicons/-/primeicons-7.0.0.tgz",
      "integrity": "sha512-jK3Et9UzwzTsd6tzl2RmwrVY/b8raJ3QZLzoDACj+oTJ0oX7L9Hy+XnVwgo4QVKlKpnP/Ur13SXV/pVh4LzaDw==",
      "license": "MIT"
    },
    "node_modules/primeng": {
      "version": "20.4.0",
      "resolved": "https://registry.npmjs.org/primeng/-/primeng-20.4.0.tgz",
      "integrity": "sha512-vXUD1G4/uet4rDkPW8xx7yZWj7RmsmexEJ3+GhpQgsNaLtPFsTCVfQq8v4FQ4tIs7shoD0hz76d3jtjGWZ49QQ==",
      "license": "SEE LICENSE IN LICENSE.md",
      "dependencies": {
        "@primeuix/styled": "^0.7.4",
        "@primeuix/styles": "^1.2.5",
        "@primeuix/utils": "^0.6.2",
        "tslib": "^2.3.0"
      },
      "peerDependencies": {
        "@angular/animations": "^20.0.4",
        "@angular/cdk": "^20.0.3",
        "@angular/common": "^20.0.4",
        "@angular/core": "^20.0.4",
        "@angular/forms": "^20.0.4",
        "@angular/platform-browser": "^20.0.4",
        "@angular/router": "^20.0.4",
        "rxjs": "^6.0.0 || ^7.8.1"
      }
    },
    "node_modules/tslib": {
      "version": "2.8.1",
      "resolved": "https://registry.npmjs.org/tslib/-/tslib-2.8.1.tgz",
      "integrity": "sha512-oJFu94HQb+KVduSUQL7wnpmqnfmLsOA/nAh6b6EH0wCEoK0/mPeXU6c3wKDV83MkOuHPRHtSXKKU99IBazS/2w==",
      "license": "0BSD"
    }
  }
}
